
Microsoft Visual Studio Solution File, Format Version 12.00
# Visual Studio Version 17
VisualStudioVersion = 17.8.34330.188
MinimumVisualStudioVersion = 10.0.40219.1
Project("{FAE04EC0-301F-11D3-BF4B-00C04F79EFBC}") = "eTicket", "eTicket\eTicket.csproj", "{01DCB30F-C812-46B7-904D-5EAF0FB080AF}"
EndProject
Global
	GlobalSection(SolutionConfigurationPlatforms) = preSolution
		Debug|Any CPU = Debug|Any CPU
		Release|Any CPU = Release|Any CPU
	EndGlobalSection
	GlobalSection(ProjectConfigurationPlatforms) = postSolution
		{01DCB30F-C812-46B7-904D-5EAF0FB080AF}.Debug|Any CPU.ActiveCfg = Debug|Any CPU
		{01DCB30F-C812-46B7-904D-5EAF0FB080AF}.Debug|Any CPU.Build.0 = Debug|Any CPU
		{01DCB30F-C812-46B7-904D-5EAF0FB080AF}.Release|Any CPU.ActiveCfg = Release|Any CPU
		{01DCB30F-C812-46B7-904D-5EAF0FB080AF}.Release|Any CPU.Build.0 = Release|Any CPU
	EndGlobalSection
	GlobalSection(SolutionProperties) = preSolution
		HideSolutionNode = FALSE
	EndGlobalSection
	GlobalSection(ExtensibilityGlobals) = postSolution
		SolutionGuid = {67158CBD-1361-4E55-B503-E26598658772}
	EndGlobalSection
EndGlobal
